
Microsoft Visual Studio Solution File, Format Version 12.00
# Visual Studio Version 17
VisualStudioVersion = 17.11.35327.3
MinimumVisualStudioVersion = 10.0.40219.1
Project("{FAE04EC0-301F-11D3-BF4B-00C04F79EFBC}") = "Automatyka i robotyka", "Automatyka i robotyka\Automatyka i robotyka.csproj", "{11A8295A-8F8B-4509-937E-1362EA6B828E}"
EndProject
Global
	GlobalSection(SolutionConfigurationPlatforms) = preSolution
		Debug|Any CPU = Debug|Any CPU
		Release|Any CPU = Release|Any CPU
	EndGlobalSection
	GlobalSection(ProjectConfigurationPlatforms) = postSolution
		{11A8295A-8F8B-4509-937E-1362EA6B828E}.Debug|Any CPU.ActiveCfg = Debug|Any CPU
		{11A8295A-8F8B-4509-937E-1362EA6B828E}.Debug|Any CPU.Build.0 = Debug|Any CPU
		{11A8295A-8F8B-4509-937E-1362EA6B828E}.Release|Any CPU.ActiveCfg = Release|Any CPU
		{11A8295A-8F8B-4509-937E-1362EA6B828E}.Release|Any CPU.Build.0 = Release|Any CPU
	EndGlobalSection
	GlobalSection(SolutionProperties) = preSolution
		HideSolutionNode = FALSE
	EndGlobalSection
	GlobalSection(ExtensibilityGlobals) = postSolution
		SolutionGuid = {9A985122-A65C-46CC-B159-0C9BCD387FC9}
	EndGlobalSection
EndGlobal
